
Microsoft Visual Studio Solution File, Format Version 12.00
# Visual Studio Version 17
VisualStudioVersion = 17.2.32630.192
MinimumVisualStudioVersion = 10.0.40219.1
Project("{FAE04EC0-301F-11D3-BF4B-00C04F79EFBC}") = "FileBackup.CMD", "FileBackup.CMD\FileBackup.CMD.csproj", "{8F2848DA-F566-4269-918B-2BD8C5953E65}"
EndProject
Global
	GlobalSection(SolutionConfigurationPlatforms) = preSolution
		Debug|Any CPU = Debug|Any CPU
		Release|Any CPU = Release|Any CPU
	EndGlobalSection
	GlobalSection(ProjectConfigurationPlatforms) = postSolution
		{8F2848DA-F566-4269-918B-2BD8C5953E65}.Debug|Any CPU.ActiveCfg = Debug|Any CPU
		{8F2848DA-F566-4269-918B-2BD8C5953E65}.Debug|Any CPU.Build.0 = Debug|Any CPU
		{8F2848DA-F566-4269-918B-2BD8C5953E65}.Release|Any CPU.ActiveCfg = Release|Any CPU
		{8F2848DA-F566-4269-918B-2BD8C5953E65}.Release|Any CPU.Build.0 = Release|Any CPU
	EndGlobalSection
	GlobalSection(SolutionProperties) = preSolution
		HideSolutionNode = FALSE
	EndGlobalSection
	GlobalSection(ExtensibilityGlobals) = postSolution
		SolutionGuid = {0681C5E7-69EC-42B8-BFCA-7FEA7D7715E3}
	EndGlobalSection
EndGlobal
